
Microsoft Visual Studio Solution File, Format Version 12.00
Project("{FAE04EC0-301F-11D3-BF4B-00C04F79EFBC}") = "Orcas.Net.Console", "Orcas.Net.Console\Orcas.Net.Console.csproj", "{AD259600-394F-44EC-92FB-13DDBE9FE122}"
EndProject
Project("{2150E333-8FDC-42A3-9474-1A3956D46DE8}") = "src", "src", "{4DC79D19-FAF1-409E-92C4-81D5F162D699}"
EndProject
Project("{2150E333-8FDC-42A3-9474-1A3956D46DE8}") = "tests", "tests", "{8E7A161C-20C3-464A-AC52-CFB1847EA985}"
EndProject
Project("{FAE04EC0-301F-11D3-BF4B-00C04F79EFBC}") = "Orcas.Net.UnitTests", "Orcas.Net.UnitTests\Orcas.Net.UnitTests.csproj", "{6D14981D-25EC-46EE-BA7B-F4708D932CA6}"
EndProject
Global
	GlobalSection(SolutionConfigurationPlatforms) = preSolution
		Debug|Any CPU = Debug|Any CPU
		Release|Any CPU = Release|Any CPU
	EndGlobalSection
	GlobalSection(ProjectConfigurationPlatforms) = postSolution
		{AD259600-394F-44EC-92FB-13DDBE9FE122}.Debug|Any CPU.ActiveCfg = Debug|Any CPU
		{AD259600-394F-44EC-92FB-13DDBE9FE122}.Debug|Any CPU.Build.0 = Debug|Any CPU
		{AD259600-394F-44EC-92FB-13DDBE9FE122}.Release|Any CPU.ActiveCfg = Release|Any CPU
		{AD259600-394F-44EC-92FB-13DDBE9FE122}.Release|Any CPU.Build.0 = Release|Any CPU
		{6D14981D-25EC-46EE-BA7B-F4708D932CA6}.Debug|Any CPU.ActiveCfg = Debug|Any CPU
		{6D14981D-25EC-46EE-BA7B-F4708D932CA6}.Debug|Any CPU.Build.0 = Debug|Any CPU
		{6D14981D-25EC-46EE-BA7B-F4708D932CA6}.Release|Any CPU.ActiveCfg = Release|Any CPU
		{6D14981D-25EC-46EE-BA7B-F4708D932CA6}.Release|Any CPU.Build.0 = Release|Any CPU
	EndGlobalSection
	GlobalSection(NestedProjects) = preSolution
		{AD259600-394F-44EC-92FB-13DDBE9FE122} = {4DC79D19-FAF1-409E-92C4-81D5F162D699}
		{6D14981D-25EC-46EE-BA7B-F4708D932CA6} = {8E7A161C-20C3-464A-AC52-CFB1847EA985}
	EndGlobalSection
EndGlobal
